
Microsoft Visual Studio Solution File, Format Version 12.00
# Visual Studio Version 17
VisualStudioVersion = 17.4.33213.308
MinimumVisualStudioVersion = 10.0.40219.1
Project("{FAE04EC0-301F-11D3-BF4B-00C04F79EFBC}") = "WebApiIdentity", "WebApiIdentity\WebApiIdentity.csproj", "{EC2EB76B-353C-4FEE-A18E-5EF2D8C0F7A6}"
EndProject
Global
	GlobalSection(SolutionConfigurationPlatforms) = preSolution
		Debug|Any CPU = Debug|Any CPU
		Release|Any CPU = Release|Any CPU
	EndGlobalSection
	GlobalSection(ProjectConfigurationPlatforms) = postSolution
		{EC2EB76B-353C-4FEE-A18E-5EF2D8C0F7A6}.Debug|Any CPU.ActiveCfg = Debug|Any CPU
		{EC2EB76B-353C-4FEE-A18E-5EF2D8C0F7A6}.Debug|Any CPU.Build.0 = Debug|Any CPU
		{EC2EB76B-353C-4FEE-A18E-5EF2D8C0F7A6}.Release|Any CPU.ActiveCfg = Release|Any CPU
		{EC2EB76B-353C-4FEE-A18E-5EF2D8C0F7A6}.Release|Any CPU.Build.0 = Release|Any CPU
	EndGlobalSection
	GlobalSection(SolutionProperties) = preSolution
		HideSolutionNode = FALSE
	EndGlobalSection
	GlobalSection(ExtensibilityGlobals) = postSolution
		SolutionGuid = {9F2F8DB6-D6BA-4390-80B3-A9B2195685C3}
	EndGlobalSection
EndGlobal
